{
  "R": {
    "Version": "4.2.1",
    "Repositories": [
      {
        "Name": "CRAN",
        "URL": "https://packagemanager.rstudio.com/cran/latest"
      }
    ]
  },
  "Packages": {
    "Rcpp": {
      "Package": "Rcpp",
      "Version": "1.0.10",
      "Source": "Repository",
      "Repository": "RSPM",
      "Hash": "e749cae40fa9ef469b6050959517453c",
      "Requirements": []
    },
    "lattice": {
      "Package": "lattice",
      "Version": "0.20-45",
      "Source": "Repository",
      "Repository": "CRAN",
      "Hash": "b64cdbb2b340437c4ee047a1f4c4377b",
      "Requirements": []
    },
    "raster": {
      "Package": "raster",
      "Version": "3.6-20",
      "Source": "Repository",
      "Repository": "RSPM",
      "Hash": "ebebd9f0f203a129eb2da96470191b82",
      "Requirements": [
        "Rcpp",
        "sp",
        "terra"
      ]
    },
    "renv": {
      "Package": "renv",
      "Version": "0.16.0",
      "Source": "Repository",
      "Repository": "RSPM",
      "Hash": "c9e8442ab69bc21c9697ecf856c1e6c7",
      "Requirements": []
    },
    "sp": {
      "Package": "sp",
      "Version": "2.0-0",
      "Source": "Repository",
      "Repository": "RSPM",
      "Hash": "2551981e6f85d59c81652bf654d6c3ca",
      "Requirements": [
        "lattice"
      ]
    },
    "terra": {
      "Package": "terra",
      "Version": "1.7-37",
      "Source": "Repository",
      "Repository": "RSPM",
      "Hash": "33d45f1fecfc5cc8a4401607b2e96197",
      "Requirements": [
        "Rcpp"
      ]
    }
  }
}
